{
  "name": "bibtex-perf",
  "version": "1.0.0",
  "lockfileVersion": 1,
  "requires": true,
  "dependencies": {
    "@retorquere/bibtex-parser": {
      "version": "1.0.82",
      "resolved": "https://registry.npmjs.org/@retorquere/bibtex-parser/-/bibtex-parser-1.0.82.tgz",
      "integrity": "sha512-r0wRZwhvLMD9cjVW8EgOFjaJT72sbhV2BiNIxxmW3EaCjIiokNUzUlI7tLzl4dVn3sVt2aYMEbzgkEEWcRMbIw==",
      "requires": {
        "astrocite": "^0.16.1"
      }
    },
    "astrocite": {
      "version": "0.16.3",
      "resolved": "https://registry.npmjs.org/astrocite/-/astrocite-0.16.3.tgz",
      "integrity": "sha512-fjhMmzs8GW/D7G/N7Erb3p0lv4VgHpoTAj0VmWGfT/MQKnx3ggpjqgyBgKrZg1iN0CyLSWdrcVTu/2mDN8yZyw==",
      "requires": {
        "astrocite-bibtex": "^0.16.3",
        "astrocite-eutils": "^0.16.0",
        "astrocite-googlebooks": "^0.16.0",
        "astrocite-ris": "^0.16.0"
      }
    },
    "astrocite-bibtex": {
      "version": "0.16.3",
      "resolved": "https://registry.npmjs.org/astrocite-bibtex/-/astrocite-bibtex-0.16.3.tgz",
      "integrity": "sha512-9PPKyxqWEJH+/eAcbWF33Goued2ymoP5/dzbr+PrfUlsXsi+2B4vOT/4sFlS6FLrulsntBoqjeHqF48QyH57hA==",
      "requires": {
        "astrocite-core": "^0.16.0",
        "csl-json": "^0.1.0"
      }
    },
    "astrocite-core": {
      "version": "0.16.0",
      "resolved": "https://registry.npmjs.org/astrocite-core/-/astrocite-core-0.16.0.tgz",
      "integrity": "sha512-+NOD5Wqtcf89htPyI0iOeaPaTjncbHgBQaF3Yp6Y0l8ynJJzrweZuHVRlX8vBeaxzy+yptI91+w+Lt+ir20pnw==",
      "requires": {
        "csl-json": "^0.1.0"
      }
    },
    "astrocite-eutils": {
      "version": "0.16.0",
      "resolved": "https://registry.npmjs.org/astrocite-eutils/-/astrocite-eutils-0.16.0.tgz",
      "integrity": "sha512-Yn8PW20mTKusgdJp6tdjpeS6KGXbhgHoS67aoX/bVBZnLFVQAn3+QIii1zNZXx1i6BQ0exo4nZH8xhnKf/1QRg==",
      "requires": {
        "astrocite-core": "^0.16.0",
        "csl-json": "^0.1.0",
        "he": "^1.2.0"
      }
    },
    "astrocite-googlebooks": {
      "version": "0.16.0",
      "resolved": "https://registry.npmjs.org/astrocite-googlebooks/-/astrocite-googlebooks-0.16.0.tgz",
      "integrity": "sha512-BSDnRrHItsF2UAKx0NALi7dHvm04vsmAOwsrvwFha55+frj56WH3g6eRd+Jc8nMjDDzcWht1r6pDi+whJ+8XxA==",
      "requires": {
        "astrocite-core": "^0.16.0",
        "csl-json": "^0.1.0"
      }
    },
    "astrocite-ris": {
      "version": "0.16.0",
      "resolved": "https://registry.npmjs.org/astrocite-ris/-/astrocite-ris-0.16.0.tgz",
      "integrity": "sha512-astB/rYaYDuHnbBhcRWl64sYRFDui7KwlEsbCw+FXahMRAS+Oj2V7Q+Q846puyvubpVhVl4qJku+V7+eexD8ww==",
      "requires": {
        "astrocite-core": "^0.16.0",
        "csl-json": "^0.1.0"
      }
    },
    "benchmark": {
      "version": "2.1.4",
      "resolved": "https://registry.npmjs.org/benchmark/-/benchmark-2.1.4.tgz",
      "integrity": "sha1-CfPeMckWQl1JjMLuVloOvzwqVik=",
      "requires": {
        "lodash": "^4.17.4",
        "platform": "^1.3.3"
      }
    },
    "biblatex-csl-converter": {
      "version": "1.6.9",
      "resolved": "https://registry.npmjs.org/biblatex-csl-converter/-/biblatex-csl-converter-1.6.9.tgz",
      "integrity": "sha512-QoIBBkhCVk6fxU5K1puKhHea3r4Gv+6GpLytkdVS9PwcHtbCUdhKjR51dKEAvvAx88QqHtvO0JCnaHKY5J9U5w=="
    },
    "csl-json": {
      "version": "0.1.0",
      "resolved": "https://registry.npmjs.org/csl-json/-/csl-json-0.1.0.tgz",
      "integrity": "sha512-KMvcQ07H0kMpzl2aO1mgyp+F+LVk+z+QMpN01noMUv0Uu4mqg4KyJjeM2u2716qU9ZgPq1Kr30DXqhT4RuEg1w=="
    },
    "he": {
      "version": "1.2.0",
      "resolved": "https://registry.npmjs.org/he/-/he-1.2.0.tgz",
      "integrity": "sha512-F/1DnUGPopORZi0ni+CvrCgHQ5FyEAHRLSApuYWMmrbSwoN2Mn/7k+Gl38gJnR7yyDZk6WLXwiGod1JOWNDKGw=="
    },
    "lodash": {
      "version": "4.17.15",
      "resolved": "https://registry.npmjs.org/lodash/-/lodash-4.17.15.tgz",
      "integrity": "sha512-8xOcRHvCjnocdS5cpwXQXVzmmh5e5+saE2QGoeQmbKmRS6J3VQppPOIt0MnmE+4xlZoumy0GPG0D0MVIQbNA1A=="
    },
    "platform": {
      "version": "1.3.5",
      "resolved": "https://registry.npmjs.org/platform/-/platform-1.3.5.tgz",
      "integrity": "sha512-TuvHS8AOIZNAlE77WUDiR4rySV/VMptyMfcfeoMgs4P8apaZM3JrnbzBiixKUv+XR6i+BXrQh8WAnjaSPFO65Q=="
    }
  }
}
